version = 1
revision = 2
requires-python = ">=3.7"
resolution-markers = [
    "python_full_version >= '3.9'",
    "python_full_version == '3.8.*'",
    "python_full_version < '3.8'",
]

[[package]]
name = "attrs"
version = "24.2.0"
source = { registry = "https://pypi.org/simple" }
resolution-markers = [
    "python_full_version < '3.8'",
]
dependencies = [
    { name = "importlib-metadata", marker = "python_full_version < '3.8'" },
]
sdist = { url = "https://files.pythonhosted.org/packages/fc/0f/aafca9af9315aee06a89ffde799a10a582fe8de76c563ee80bbcdc08b3fb/attrs-24.2.0.tar.gz", hash = "sha256:5cfb1b9148b5b086569baec03f20d7b6bf3bcacc9a42bebf87ffaaca362f6346", size = 792678, upload-time = "2024-08-06T14:37:38.364Z" }
wheels = [
    { url = "https://files.pythonhosted.org/packages/6a/21/5b6702a7f963e95456c0de2d495f67bf5fd62840ac655dc451586d23d39a/attrs-24.2.0-py3-none-any.whl", hash = "sha256:81921eb96de3191c8258c199618104dd27ac608d9366f5e35d011eae1867ede2", size = 63001, upload-time = "2024-08-06T14:37:36.958Z" },
]

[[package]]
name = "attrs"
version = "25.3.0"
source = { registry = "https://pypi.org/simple" }
resolution-markers = [
    "python_full_version >= '3.9'",
    "python_full_version == '3.8.*'",
]
sdist = { url = "https://files.pythonhosted.org/packages/5a/b0/1367933a8532ee6ff8d63537de4f1177af4bff9f3e829baf7331f595bb24/attrs-25.3.0.tar.gz", hash = "sha256:75d7cefc7fb576747b2c81b4442d4d4a1ce0900973527c011d1030fd3bf4af1b", size = 812032, upload-time = "2025-03-13T11:10:22.779Z" }
wheels = [
    { url = "https://files.pythonhosted.org/packages/77/06/bb80f5f86020c4551da315d78b3ab75e8228f89f0162f2c3a819e407941a/attrs-25.3.0-py3-none-any.whl", hash = "sha256:427318ce031701fea540783410126f03899a97ffc6f61596ad581ac2e40e3bc3", size = 63815, upload-time = "2025-03-13T11:10:21.14Z" },
]

[[package]]
name = "certifi"
version = "2025.4.26"
source = { registry = "https://pypi.org/simple" }
sdist = { url = "https://files.pythonhosted.org/packages/e8/9e/c05b3920a3b7d20d3d3310465f50348e5b3694f4f88c6daf736eef3024c4/certifi-2025.4.26.tar.gz", hash = "sha256:0a816057ea3cdefcef70270d2c515e4506bbc954f417fa5ade2021213bb8f0c6", size = 160705, upload-time = "2025-04-26T02:12:29.51Z" }
wheels = [
    { url = "https://files.pythonhosted.org/packages/4a/7e/3db2bd1b1f9e95f7cddca6d6e75e2f2bd9f51b1246e546d88addca0106bd/certifi-2025.4.26-py3-none-any.whl", hash = "sha256:30350364dfe371162649852c63336a15c70c6510c2ad5015b21c2345311805f3", size = 159618, upload-time = "2025-04-26T02:12:27.662Z" },
]

[[package]]
name = "cffi"
version = "1.15.1"
source = { registry = "https://pypi.org/simple" }
resolution-markers = [
    "python_full_version < '3.8'",
]
dependencies = [
    { name = "pycparser", version = "2.21", source = { registry = "https://pypi.org/simple" }, marker = "python_full_version < '3.8'" },
]
sdist = { url = "https://files.pythonhosted.org/packages/2b/a8/050ab4f0c3d4c1b8aaa805f70e26e84d0e27004907c5b8ecc1d31815f92a/cffi-1.15.1.tar.gz", hash = "sha256:d400bfb9a37b1351253cb402671cea7e89bdecc294e8016a707f6d1d8ac934f9", size = 508501, upload-time = "2022-06-30T18:18:32.799Z" }
wheels = [
    { url = "https://files.pythonhosted.org/packages/9f/52/1e2b43cfdd7d9a39f48bc89fcaee8d8685b1295e205a4f1044909ac14d89/cffi-1.15.1-cp310-cp310-win32.whl", hash = "sha256:cba9d6b9a7d64d4bd46167096fc9d2f835e25d7e4c121fb2ddfc6528fb0413b2", size = 170412, upload-time = "2022-06-30T18:16:00.728Z" },
    { url = "https://files.pythonhosted.org/packages/0e/e2/a23af3d81838c577571da4ff01b799b0c2bbde24bd924d97e228febae810/cffi-1.15.1-cp310-cp310-win_amd64.whl", hash = "sha256:ce4bcc037df4fc5e3d184794f27bdaab018943698f4ca31630bc7f84a7b69c6d", size = 179060, upload-time = "2022-06-30T18:16:03.511Z" },
    { url = "https://files.pythonhosted.org/packages/87/ee/ddc23981fc0f5e7b5356e98884226bcb899f95ebaefc3e8e8b8742dd7e22/cffi-1.15.1-cp311-cp311-win32.whl", hash = "sha256:a0f100c8912c114ff53e1202d0078b425bee3649ae34d7b070e9697f93c5d52d", size = 170313, upload-time = "2022-06-30T18:16:29.939Z" },
    { url = "https://files.pythonhosted.org/packages/43/a0/cc7370ef72b6ee586369bacd3961089ab3d94ae712febf07a244f1448ffd/cffi-1.15.1-cp311-cp311-win_amd64.whl", hash = "sha256:04ed324bda3cda42b9b695d51bb7d54b680b9719cfab04227cdd1e04e5de3104", size = 179001, upload-time = "2022-06-30T18:16:34.521Z" },
    { url = "https://files.pythonhosted.org/packages/50/34/4cc590ad600869502c9838b4824982c122179089ed6791a8b1c95f0ff55e/cffi-1.15.1-cp37-cp37m-win32.whl", hash = "sha256:e229a521186c75c8ad9490854fd8bbdd9a0c9aa3a524326b55be83b54d4e0ad9", size = 169721, upload-time = "2022-06-30T18:17:20.322Z" },
    { url = "https://files.pythonhosted.org/packages/32/2a/63cb8c07d151de92ff9d897b2eb27ba6a0e78dda8e4c5f70d7b8c16cd6a2/cffi-1.15.1-cp37-cp37m-win_amd64.whl", hash = "sha256:a0b71b1b8fbf2b96e41c4d990244165e2c9be83d54962a9a1d118fd8657d2045", size = 179301, upload-time = "2022-06-30T18:17:25.797Z" },
    { url = "https://files.pythonhosted.org/packages/47/97/137f0e3d2304df2060abb872a5830af809d7559a5a4b6a295afb02728e65/cffi-1.15.1-cp38-cp38-win32.whl", hash = "sha256:8b7ee99e510d7b66cdb6c593f21c043c248537a32e0bedf02e01e9553a172314", size = 170236, upload-time = "2022-06-30T18:17:51.708Z" },
    { url = "https://files.pythonhosted.org/packages/c9/e3/0a52838832408cfbbf3a59cb19bcd17e64eb33795c9710ca7d29ae10b5b7/cffi-1.15.1-cp38-cp38-win_amd64.whl", hash = "sha256:00a9ed42e88df81ffae7a8ab6d9356b371399b91dbdf0c3cb1e84c03a13aceb5", size = 178835, upload-time = "2022-06-30T18:17:54.561Z" },
    { url = "https://files.pythonhosted.org/packages/c6/3d/dd085bb831b22ce4d0b7ba8550e6d78960f02f770bbd1314fea3580727f8/cffi-1.15.1-cp39-cp39-win32.whl", hash = "sha256:40f4774f5a9d4f5e344f31a32b5096977b5d48560c5592e2f3d2c4374bd543ee", size = 170382, upload-time = "2022-06-30T18:18:26.229Z" },
    { url = "https://files.pythonhosted.org/packages/a8/16/06b84a7063a4c0a2b081030fdd976022086da9c14e80a9ed4ba0183a98a9/cffi-1.15.1-cp39-cp39-win_amd64.whl", hash = "sha256:70df4e3b545a17496c9b3f41f5115e69a4f2e77e94e1d2a8e1070bc0c38c8a3c", size = 179079, upload-time = "2022-06-30T18:18:29.006Z" },
]

[[package]]
name = "cffi"
version = "1.17.1"
source = { registry = "https://pypi.org/simple" }
resolution-markers = [
    "python_full_version >= '3.9'",
    "python_full_version == '3.8.*'",
]
dependencies = [
    { name = "pycparser", version = "2.22", source = { registry = "https://pypi.org/simple" }, marker = "python_full_version >= '3.8'" },
]
sdist = { url = "https://files.pythonhosted.org/packages/fc/97/c783634659c2920c3fc70419e3af40972dbaf758daa229a7d6ea6135c90d/cffi-1.17.1.tar.gz", hash = "sha256:1c39c6016c32bc48dd54561950ebd6836e1670f2ae46128f67cf49e789c52824", size = 516621, upload-time = "2024-09-04T20:45:21.852Z" }
wheels = [
    { url = "https://files.pythonhosted.org/packages/f8/fe/4d41c2f200c4a457933dbd98d3cf4e911870877bd94d9656cc0fcb390681/cffi-1.17.1-cp310-cp310-win32.whl", hash = "sha256:c9c3d058ebabb74db66e431095118094d06abf53284d9c81f27300d0e0d8bc7c", size = 171804, upload-time = "2024-09-04T20:43:48.186Z" },
    { url = "https://files.pythonhosted.org/packages/d1/b6/0b0f5ab93b0df4acc49cae758c81fe4e5ef26c3ae2e10cc69249dfd8b3ab/cffi-1.17.1-cp310-cp310-win_amd64.whl", hash = "sha256:0f048dcf80db46f0098ccac01132761580d28e28bc0f78ae0d58048063317e15", size = 181299, upload-time = "2024-09-04T20:43:49.812Z" },
    { url = "https://files.pythonhosted.org/packages/34/33/e1b8a1ba29025adbdcda5fb3a36f94c03d771c1b7b12f726ff7fef2ebe36/cffi-1.17.1-cp311-cp311-win32.whl", hash = "sha256:85a950a4ac9c359340d5963966e3e0a94a676bd6245a4b55bc43949eee26a655", size = 171727, upload-time = "2024-09-04T20:44:09.481Z" },
    { url = "https://files.pythonhosted.org/packages/3d/97/50228be003bb2802627d28ec0627837ac0bf35c90cf769812056f235b2d1/cffi-1.17.1-cp311-cp311-win_amd64.whl", hash = "sha256:caaf0640ef5f5517f49bc275eca1406b0ffa6aa184892812030f04c2abf589a0", size = 181400, upload-time = "2024-09-04T20:44:10.873Z" },
    { url = "https://files.pythonhosted.org/packages/86/c5/28b2d6f799ec0bdecf44dced2ec5ed43e0eb63097b0f58c293583b406582/cffi-1.17.1-cp312-cp312-win32.whl", hash = "sha256:a08d7e755f8ed21095a310a693525137cfe756ce62d066e53f502a83dc550f65", size = 172448, upload-time = "2024-09-04T20:44:26.208Z" },
    { url = "https://files.pythonhosted.org/packages/50/b9/db34c4755a7bd1cb2d1603ac3863f22bcecbd1ba29e5ee841a4bc510b294/cffi-1.17.1-cp312-cp312-win_amd64.whl", hash = "sha256:51392eae71afec0d0c8fb1a53b204dbb3bcabcb3c9b807eedf3e1e6ccf2de903", size = 181976, upload-time = "2024-09-04T20:44:27.578Z" },
    { url = "https://files.pythonhosted.org/packages/bf/ee/f94057fa6426481d663b88637a9a10e859e492c73d0384514a17d78ee205/cffi-1.17.1-cp313-cp313-win32.whl", hash = "sha256:e03eab0a8677fa80d646b5ddece1cbeaf556c313dcfac435ba11f107ba117b5d", size = 172475, upload-time = "2024-09-04T20:44:43.733Z" },
    { url = "https://files.pythonhosted.org/packages/7c/fc/6a8cb64e5f0324877d503c854da15d76c1e50eb722e320b15345c4d0c6de/cffi-1.17.1-cp313-cp313-win_amd64.whl", hash = "sha256:f6a16c31041f09ead72d69f583767292f750d24913dadacf5756b966aacb3f1a", size = 182009, upload-time = "2024-09-04T20:44:45.309Z" },
    { url = "https://files.pythonhosted.org/packages/e2/63/2bed8323890cb613bbecda807688a31ed11a7fe7afe31f8faaae0206a9a3/cffi-1.17.1-cp38-cp38-win32.whl", hash = "sha256:7596d6620d3fa590f677e9ee430df2958d2d6d6de2feeae5b20e82c00b76fbf8", size = 171576, upload-time = "2024-09-04T20:44:58.535Z" },
    { url = "https://files.pythonhosted.org/packages/2f/70/80c33b044ebc79527447fd4fbc5455d514c3bb840dede4455de97da39b4d/cffi-1.17.1-cp38-cp38-win_amd64.whl", hash = "sha256:78122be759c3f8a014ce010908ae03364d00a1f81ab5c7f4a7a5120607ea56e1", size = 181229, upload-time = "2024-09-04T20:44:59.963Z" },
    { url = "https://files.pythonhosted.org/packages/cb/b5/fd9f8b5a84010ca169ee49f4e4ad6f8c05f4e3545b72ee041dbbcb159882/cffi-1.17.1-cp39-cp39-win32.whl", hash = "sha256:e31ae45bc2e29f6b2abd0de1cc3b9d5205aa847cafaecb8af1476a609a2f6eb7", size = 171820, upload-time = "2024-09-04T20:45:18.762Z" },
    { url = "https://files.pythonhosted.org/packages/8c/52/b08750ce0bce45c143e1b5d7357ee8c55341b52bdef4b0f081af1eb248c2/cffi-1.17.1-cp39-cp39-win_amd64.whl", hash = "sha256:d016c76bdd850f3c626af19b0542c9677ba156e4ee4fccfdd7848803533ef662", size = 181290, upload-time = "2024-09-04T20:45:20.226Z" },
]

[[package]]
name = "exceptiongroup"
version = "1.3.0"
source = { registry = "https://pypi.org/simple" }
dependencies = [
    { name = "typing-extensions", version = "4.7.1", source = { registry = "https://pypi.org/simple" }, marker = "python_full_version < '3.8'" },
    { name = "typing-extensions", version = "4.13.2", source = { registry = "https://pypi.org/simple" }, marker = "python_full_version >= '3.8' and python_full_version < '3.13'" },
]
sdist = { url = "https://files.pythonhosted.org/packages/0b/9f/a65090624ecf468cdca03533906e7c69ed7588582240cfe7cc9e770b50eb/exceptiongroup-1.3.0.tar.gz", hash = "sha256:b241f5885f560bc56a59ee63ca4c6a8bfa46ae4ad651af316d4e81817bb9fd88", size = 29749, upload-time = "2025-05-10T17:42:51.123Z" }
wheels = [
    { url = "https://files.pythonhosted.org/packages/36/f4/c6e662dade71f56cd2f3735141b265c3c79293c109549c1e6933b0651ffc/exceptiongroup-1.3.0-py3-none-any.whl", hash = "sha256:4d111e6e0c13d0644cad6ddaa7ed0261a0b36971f6d23e7ec9b4b9097da78a10", size = 16674, upload-time = "2025-05-10T17:42:49.33Z" },
]

[[package]]
name = "h11"
version = "0.14.0"
source = { registry = "https://pypi.org/simple" }
resolution-markers = [
    "python_full_version < '3.8'",
]
dependencies = [
    { name = "typing-extensions", version = "4.7.1", source = { registry = "https://pypi.org/simple" }, marker = "python_full_version < '3.8'" },
]
sdist = { url = "https://files.pythonhosted.org/packages/f5/38/3af3d3633a34a3316095b39c8e8fb4853a28a536e55d347bd8d8e9a14b03/h11-0.14.0.tar.gz", hash = "sha256:8f19fbbe99e72420ff35c00b27a34cb9937e902a8b810e2c88300c6f0a3b699d", size = 100418, upload-time = "2022-09-25T15:40:01.519Z" }
wheels = [
    { url = "https://files.pythonhosted.org/packages/95/04/ff642e65ad6b90db43e668d70ffb6736436c7ce41fcc549f4e9472234127/h11-0.14.0-py3-none-any.whl", hash = "sha256:e3fe4ac4b851c468cc8363d500db52c2ead036020723024a109d37346efaa761", size = 58259, upload-time = "2022-09-25T15:39:59.68Z" },
]

[[package]]
name = "h11"
version = "0.16.0"
source = { registry = "https://pypi.org/simple" }
resolution-markers = [
    "python_full_version >= '3.9'",
    "python_full_version == '3.8.*'",
]
sdist = { url = "https://files.pythonhosted.org/packages/01/ee/02a2c011bdab74c6fb3c75474d40b3052059d95df7e73351460c8588d963/h11-0.16.0.tar.gz", hash = "sha256:4e35b956cf45792e4caa5885e69fba00bdbc6ffafbfa020300e549b208ee5ff1", size = 101250, upload-time = "2025-04-24T03:35:25.427Z" }
wheels = [
    { url = "https://files.pythonhosted.org/packages/04/4b/29cac41a4d98d144bf5f6d33995617b185d14b22401f75ca86f384e87ff1/h11-0.16.0-py3-none-any.whl", hash = "sha256:63cf8bbe7522de3bf65932fda1d9c2772064ffb3dae62d55932da54b31cb6c86", size = 37515, upload-time = "2025-04-24T03:35:24.344Z" },
]

[[package]]
name = "idna"
version = "3.10"
source = { registry = "https://pypi.org/simple" }
sdist = { url = "https://files.pythonhosted.org/packages/f1/70/7703c29685631f5a7590aa73f1f1d3fa9a380e654b86af429e0934a32f7d/idna-3.10.tar.gz", hash = "sha256:12f65c9b470abda6dc35cf8e63cc574b1c52b11df2c86030af0ac09b01b13ea9", size = 190490, upload-time = "2024-09-15T18:07:39.745Z" }
wheels = [
    { url = "https://files.pythonhosted.org/packages/76/c6/c88e154df9c4e1a2a66ccf0005a88dfb2650c1dffb6f5ce603dfbd452ce3/idna-3.10-py3-none-any.whl", hash = "sha256:946d195a0d259cbba61165e88e65941f16e9b36ea6ddb97f00452bae8b1287d3", size = 70442, upload-time = "2024-09-15T18:07:37.964Z" },
]

[[package]]
name = "importlib-metadata"
version = "6.7.0"
source = { registry = "https://pypi.org/simple" }
dependencies = [
    { name = "typing-extensions", version = "4.7.1", source = { registry = "https://pypi.org/simple" }, marker = "python_full_version < '3.8'" },
    { name = "zipp", marker = "python_full_version < '3.8'" },
]
sdist = { url = "https://files.pythonhosted.org/packages/a3/82/f6e29c8d5c098b6be61460371c2c5591f4a335923639edec43b3830650a4/importlib_metadata-6.7.0.tar.gz", hash = "sha256:1aaf550d4f73e5d6783e7acb77aec43d49da8017410afae93822cc9cca98c4d4", size = 53569, upload-time = "2023-06-18T21:44:35.024Z" }
wheels = [
    { url = "https://files.pythonhosted.org/packages/ff/94/64287b38c7de4c90683630338cf28f129decbba0a44f0c6db35a873c73c4/importlib_metadata-6.7.0-py3-none-any.whl", hash = "sha256:cb52082e659e97afc5dac71e79de97d8681de3aa07ff18578330904a9d18e5b5", size = 22934, upload-time = "2023-06-18T21:44:33.441Z" },
]

[[package]]
name = "outcome"
version = "1.3.0.post0"
source = { registry = "https://pypi.org/simple" }
dependencies = [
    { name = "attrs", version = "24.2.0", source = { registry = "https://pypi.org/simple" }, marker = "python_full_version < '3.8'" },
    { name = "attrs", version = "25.3.0", source = { registry = "https://pypi.org/simple" }, marker = "python_full_version >= '3.8'" },
]
sdist = { url = "https://files.pythonhosted.org/packages/98/df/77698abfac98571e65ffeb0c1fba8ffd692ab8458d617a0eed7d9a8d38f2/outcome-1.3.0.post0.tar.gz", hash = "sha256:9dcf02e65f2971b80047b377468e72a268e15c0af3cf1238e6ff14f7f91143b8", size = 21060, upload-time = "2023-10-26T04:26:04.361Z" }
wheels = [
    { url = "https://files.pythonhosted.org/packages/55/8b/5ab7257531a5d830fc8000c476e63c935488d74609b50f9384a643ec0a62/outcome-1.3.0.post0-py2.py3-none-any.whl", hash = "sha256:e771c5ce06d1415e356078d3bdd68523f284b4ce5419828922b6871e65eda82b", size = 10692, upload-time = "2023-10-26T04:26:02.532Z" },
]

[[package]]
name = "pycparser"
version = "2.21"
source = { registry = "https://pypi.org/simple" }
resolution-markers = [
    "python_full_version < '3.8'",
]
sdist = { url = "https://files.pythonhosted.org/packages/5e/0b/95d387f5f4433cb0f53ff7ad859bd2c6051051cebbb564f139a999ab46de/pycparser-2.21.tar.gz", hash = "sha256:e644fdec12f7872f86c58ff790da456218b10f863970249516d60a5eaca77206", size = 170877, upload-time = "2021-11-06T12:48:46.095Z" }
wheels = [
    { url = "https://files.pythonhosted.org/packages/62/d5/5f610ebe421e85889f2e55e33b7f9a6795bd982198517d912eb1c76e1a53/pycparser-2.21-py2.py3-none-any.whl", hash = "sha256:8ee45429555515e1f6b185e78100aea234072576aa43ab53aefcae078162fca9", size = 118697, upload-time = "2021-11-06T12:50:13.61Z" },
]

[[package]]
name = "pycparser"
version = "2.22"
source = { registry = "https://pypi.org/simple" }
resolution-markers = [
    "python_full_version >= '3.9'",
    "python_full_version == '3.8.*'",
]
sdist = { url = "https://files.pythonhosted.org/packages/1d/b2/31537cf4b1ca988837256c910a668b553fceb8f069bedc4b1c826024b52c/pycparser-2.22.tar.gz", hash = "sha256:491c8be9c040f5390f5bf44a5b07752bd07f56edf992381b05c701439eec10f6", size = 172736, upload-time = "2024-03-30T13:22:22.564Z" }
wheels = [
    { url = "https://files.pythonhosted.org/packages/13/a3/a812df4e2dd5696d1f351d58b8fe16a405b234ad2886a0dab9183fb78109/pycparser-2.22-py3-none-any.whl", hash = "sha256:c3702b6d3dd8c7abc1afa565d7e63d53a1d0bd86cdc24edd75470f4de499cfcc", size = 117552, upload-time = "2024-03-30T13:22:20.476Z" },
]

[[package]]
name = "pysocks"
version = "1.7.1"
source = { registry = "https://pypi.org/simple" }
sdist = { url = "https://files.pythonhosted.org/packages/bd/11/293dd436aea955d45fc4e8a35b6ae7270f5b8e00b53cf6c024c83b657a11/PySocks-1.7.1.tar.gz", hash = "sha256:3f8804571ebe159c380ac6de37643bb4685970655d3bba243530d6558b799aa0", size = 284429, upload-time = "2019-09-20T02:07:35.714Z" }
wheels = [
    { url = "https://files.pythonhosted.org/packages/8d/59/b4572118e098ac8e46e399a1dd0f2d85403ce8bbaad9ec79373ed6badaf9/PySocks-1.7.1-py3-none-any.whl", hash = "sha256:2725bd0a9925919b9b51739eea5f9e2bae91e83288108a9ad338b2e3a4435ee5", size = 16725, upload-time = "2019-09-20T02:06:22.938Z" },
]

[[package]]
name = "selenium"
version = "4.11.2"
source = { registry = "https://pypi.org/simple" }
resolution-markers = [
    "python_full_version < '3.8'",
]
dependencies = [
    { name = "certifi", marker = "python_full_version < '3.8'" },
    { name = "trio", version = "0.22.2", source = { registry = "https://pypi.org/simple" }, marker = "python_full_version < '3.8'" },
    { name = "trio-websocket", version = "0.11.1", source = { registry = "https://pypi.org/simple" }, marker = "python_full_version < '3.8'" },
    { name = "urllib3", version = "2.0.7", source = { registry = "https://pypi.org/simple" }, extra = ["socks"], marker = "python_full_version < '3.8'" },
]
sdist = { url = "https://files.pythonhosted.org/packages/9b/21/dc6e78b967b62cb39748bfd1af10cc245c8bc81ad8568b1efe80e73fd8a7/selenium-4.11.2.tar.gz", hash = "sha256:9f9a5ed586280a3594f7461eb1d9dab3eac9d91e28572f365e9b98d9d03e02b5", size = 6975568, upload-time = "2023-08-01T04:07:20.335Z" }
wheels = [
    { url = "https://files.pythonhosted.org/packages/10/56/8288d1813a68c1e0638515dbb777fce6d87d0d240e683216f956145310e6/selenium-4.11.2-py3-none-any.whl", hash = "sha256:98e72117b194b3fa9c69b48998f44bf7dd4152c7bd98544911a1753b9f03cc7d", size = 7188599, upload-time = "2023-08-01T04:07:16.444Z" },
]

[[package]]
name = "selenium"
version = "4.27.1"
source = { registry = "https://pypi.org/simple" }
resolution-markers = [
    "python_full_version == '3.8.*'",
]
dependencies = [
    { name = "certifi", marker = "python_full_version == '3.8.*'" },
    { name = "trio", version = "0.27.0", source = { registry = "https://pypi.org/simple" }, marker = "python_full_version == '3.8.*'" },
    { name = "trio-websocket", version = "0.12.2", source = { registry = "https://pypi.org/simple" }, marker = "python_full_version == '3.8.*'" },
    { name = "typing-extensions", version = "4.13.2", source = { registry = "https://pypi.org/simple" }, marker = "python_full_version == '3.8.*'" },
    { name = "urllib3", version = "2.2.3", source = { registry = "https://pypi.org/simple" }, extra = ["socks"], marker = "python_full_version == '3.8.*'" },
    { name = "websocket-client", marker = "python_full_version == '3.8.*'" },
]
sdist = { url = "https://files.pythonhosted.org/packages/44/8c/62c47c91072aa03af1c3b7d7f1c59b987db41c9fec0f158fb03a0da51aa6/selenium-4.27.1.tar.gz", hash = "sha256:5296c425a75ff1b44d0d5199042b36a6d1ef76c04fb775b97b40be739a9caae2", size = 973526, upload-time = "2024-11-26T14:56:47.893Z" }
wheels = [
    { url = "https://files.pythonhosted.org/packages/a6/1e/5f1a5dd2a28528c4b3ec6e076b58e4c035810c805328f9936123283ca14e/selenium-4.27.1-py3-none-any.whl", hash = "sha256:b89b1f62b5cfe8025868556fe82360d6b649d464f75d2655cb966c8f8447ea18", size = 9707007, upload-time = "2024-11-26T14:56:45.191Z" },
]

[[package]]
name = "selenium"
version = "4.32.0"
source = { registry = "https://pypi.org/simple" }
resolution-markers = [
    "python_full_version >= '3.9'",
]
dependencies = [
    { name = "certifi", marker = "python_full_version >= '3.9'" },
    { name = "trio", version = "0.30.0", source = { registry = "https://pypi.org/simple" }, marker = "python_full_version >= '3.9'" },
    { name = "trio-websocket", version = "0.12.2", source = { registry = "https://pypi.org/simple" }, marker = "python_full_version >= '3.9'" },
    { name = "typing-extensions", version = "4.13.2", source = { registry = "https://pypi.org/simple" }, marker = "python_full_version >= '3.9'" },
    { name = "urllib3", version = "2.4.0", source = { registry = "https://pypi.org/simple" }, extra = ["socks"], marker = "python_full_version >= '3.9'" },
    { name = "websocket-client", marker = "python_full_version >= '3.9'" },
]
sdist = { url = "https://files.pythonhosted.org/packages/54/2d/fafffe946099033ccf22bf89e12eede14c1d3c5936110c5f6f2b9830722c/selenium-4.32.0.tar.gz", hash = "sha256:b9509bef4056f4083772abb1ae19ff57247d617a29255384b26be6956615b206", size = 870997, upload-time = "2025-05-02T20:35:27.325Z" }
wheels = [
    { url = "https://files.pythonhosted.org/packages/ea/37/d07ed9d13e571b2115d4ed6956d156c66816ceec0b03b2e463e80d09f572/selenium-4.32.0-py3-none-any.whl", hash = "sha256:c4d9613f8a45693d61530c9660560fadb52db7d730237bc788ddedf442391f97", size = 9369668, upload-time = "2025-05-02T20:35:24.726Z" },
]

[[package]]
name = "sniffio"
version = "1.3.1"
source = { registry = "https://pypi.org/simple" }
sdist = { url = "https://files.pythonhosted.org/packages/a2/87/a6771e1546d97e7e041b6ae58d80074f81b7d5121207425c964ddf5cfdbd/sniffio-1.3.1.tar.gz", hash = "sha256:f4324edc670a0f49750a81b895f35c3adb843cca46f0530f79fc1babb23789dc", size = 20372, upload-time = "2024-02-25T23:20:04.057Z" }
wheels = [
    { url = "https://files.pythonhosted.org/packages/e9/44/75a9c9421471a6c4805dbf2356f7c181a29c1879239abab1ea2cc8f38b40/sniffio-1.3.1-py3-none-any.whl", hash = "sha256:2f6da418d1f1e0fddd844478f41680e794e6051915791a034ff65e5f100525a2", size = 10235, upload-time = "2024-02-25T23:20:01.196Z" },
]

[[package]]
name = "sortedcontainers"
version = "2.4.0"
source = { registry = "https://pypi.org/simple" }
sdist = { url = "https://files.pythonhosted.org/packages/e8/c4/ba2f8066cceb6f23394729afe52f3bf7adec04bf9ed2c820b39e19299111/sortedcontainers-2.4.0.tar.gz", hash = "sha256:25caa5a06cc30b6b83d11423433f65d1f9d76c4c6a0c90e3379eaa43b9bfdb88", size = 30594, upload-time = "2021-05-16T22:03:42.897Z" }
wheels = [
    { url = "https://files.pythonhosted.org/packages/32/46/9cb0e58b2deb7f82b84065f37f3bffeb12413f947f9388e4cac22c4621ce/sortedcontainers-2.4.0-py2.py3-none-any.whl", hash = "sha256:a163dcaede0f1c021485e957a39245190e74249897e2ae4b2aa38595db237ee0", size = 29575, upload-time = "2021-05-16T22:03:41.177Z" },
]

[[package]]
name = "trio"
version = "0.22.2"
source = { registry = "https://pypi.org/simple" }
resolution-markers = [
    "python_full_version < '3.8'",
]
dependencies = [
    { name = "attrs", version = "24.2.0", source = { registry = "https://pypi.org/simple" }, marker = "python_full_version < '3.8'" },
    { name = "cffi", version = "1.15.1", source = { registry = "https://pypi.org/simple" }, marker = "python_full_version < '3.8' and implementation_name != 'pypy' and os_name == 'nt'" },
    { name = "exceptiongroup", marker = "python_full_version < '3.8'" },
    { name = "idna", marker = "python_full_version < '3.8'" },
    { name = "outcome", marker = "python_full_version < '3.8'" },
    { name = "sniffio", marker = "python_full_version < '3.8'" },
    { name = "sortedcontainers", marker = "python_full_version < '3.8'" },
]
sdist = { url = "https://files.pythonhosted.org/packages/04/b0/5ec370ef69832f3d6d79069af7097dcec0a8c68fa898822e49ad621c4af0/trio-0.22.2.tar.gz", hash = "sha256:3887cf18c8bcc894433420305468388dac76932e9668afa1c49aa3806b6accb3", size = 487602, upload-time = "2023-07-12T23:09:17.591Z" }
wheels = [
    { url = "https://files.pythonhosted.org/packages/a3/dd/b61fa61b186d3267ef3903048fbee29132963ae762fb70b08d4a3cd6f7aa/trio-0.22.2-py3-none-any.whl", hash = "sha256:f43da357620e5872b3d940a2e3589aa251fd3f881b65a608d742e00809b1ec38", size = 400217, upload-time = "2023-07-12T23:09:15.884Z" },
]

[[package]]
name = "trio"
version = "0.27.0"
source = { registry = "https://pypi.org/simple" }
resolution-markers = [
    "python_full_version == '3.8.*'",
]
dependencies = [
    { name = "attrs", version = "25.3.0", source = { registry = "https://pypi.org/simple" }, marker = "python_full_version == '3.8.*'" },
    { name = "cffi", version = "1.17.1", source = { registry = "https://pypi.org/simple" }, marker = "python_full_version == '3.8.*' and implementation_name != 'pypy' and os_name == 'nt'" },
    { name = "exceptiongroup", marker = "python_full_version == '3.8.*'" },
    { name = "idna", marker = "python_full_version == '3.8.*'" },
    { name = "outcome", marker = "python_full_version == '3.8.*'" },
    { name = "sniffio", marker = "python_full_version == '3.8.*'" },
    { name = "sortedcontainers", marker = "python_full_version == '3.8.*'" },
]
sdist = { url = "https://files.pythonhosted.org/packages/17/d1/a83dee5be404da7afe5a71783a33b8907bacb935a6dc8c69ab785e4a3eed/trio-0.27.0.tar.gz", hash = "sha256:1dcc95ab1726b2da054afea8fd761af74bad79bd52381b84eae408e983c76831", size = 568064, upload-time = "2024-10-16T23:29:23.432Z" }
wheels = [
    { url = "https://files.pythonhosted.org/packages/3c/83/ec3196c360afffbc5b342ead48d1eb7393dd74fa70bca75d33905a86f211/trio-0.27.0-py3-none-any.whl", hash = "sha256:68eabbcf8f457d925df62da780eff15ff5dc68fd6b367e2dde59f7aaf2a0b884", size = 481734, upload-time = "2024-10-16T23:29:21.459Z" },
]

[[package]]
name = "trio"
version = "0.30.0"
source = { registry = "https://pypi.org/simple" }
resolution-markers = [
    "python_full_version >= '3.9'",
]
dependencies = [
    { name = "attrs", version = "25.3.0", source = { registry = "https://pypi.org/simple" }, marker = "python_full_version >= '3.9'" },
    { name = "cffi", version = "1.17.1", source = { registry = "https://pypi.org/simple" }, marker = "python_full_version >= '3.9' and implementation_name != 'pypy' and os_name == 'nt'" },
    { name = "exceptiongroup", marker = "python_full_version >= '3.9' and python_full_version < '3.11'" },
    { name = "idna", marker = "python_full_version >= '3.9'" },
    { name = "outcome", marker = "python_full_version >= '3.9'" },
    { name = "sniffio", marker = "python_full_version >= '3.9'" },
    { name = "sortedcontainers", marker = "python_full_version >= '3.9'" },
]
sdist = { url = "https://files.pythonhosted.org/packages/01/c1/68d582b4d3a1c1f8118e18042464bb12a7c1b75d64d75111b297687041e3/trio-0.30.0.tar.gz", hash = "sha256:0781c857c0c81f8f51e0089929a26b5bb63d57f927728a5586f7e36171f064df", size = 593776, upload-time = "2025-04-21T00:48:19.507Z" }
wheels = [
    { url = "https://files.pythonhosted.org/packages/69/8e/3f6dfda475ecd940e786defe6df6c500734e686c9cd0a0f8ef6821e9b2f2/trio-0.30.0-py3-none-any.whl", hash = "sha256:3bf4f06b8decf8d3cf00af85f40a89824669e2d033bb32469d34840edcfc22a5", size = 499194, upload-time = "2025-04-21T00:48:17.167Z" },
]

[[package]]
name = "trio-websocket"
version = "0.11.1"
source = { registry = "https://pypi.org/simple" }
resolution-markers = [
    "python_full_version < '3.8'",
]
dependencies = [
    { name = "exceptiongroup", marker = "python_full_version < '3.8'" },
    { name = "trio", version = "0.22.2", source = { registry = "https://pypi.org/simple" }, marker = "python_full_version < '3.8'" },
    { name = "wsproto", marker = "python_full_version < '3.8'" },
]
sdist = { url = "https://files.pythonhosted.org/packages/dd/36/abad2385853077424a11b818d9fd8350d249d9e31d583cb9c11cd4c85eda/trio-websocket-0.11.1.tar.gz", hash = "sha256:18c11793647703c158b1f6e62de638acada927344d534e3c7628eedcb746839f", size = 26511, upload-time = "2023-09-26T23:24:58.753Z" }
wheels = [
    { url = "https://files.pythonhosted.org/packages/48/be/a9ae5f50cad5b6f85bd2574c2c923730098530096e170c1ce7452394d7aa/trio_websocket-0.11.1-py3-none-any.whl", hash = "sha256:520d046b0d030cf970b8b2b2e00c4c2245b3807853ecd44214acd33d74581638", size = 17408, upload-time = "2023-09-26T23:24:56.788Z" },
]

[[package]]
name = "trio-websocket"
version = "0.12.2"
source = { registry = "https://pypi.org/simple" }
resolution-markers = [
    "python_full_version >= '3.9'",
    "python_full_version == '3.8.*'",
]
dependencies = [
    { name = "exceptiongroup", marker = "python_full_version >= '3.8' and python_full_version < '3.11'" },
    { name = "outcome", marker = "python_full_version >= '3.8'" },
    { name = "trio", version = "0.27.0", source = { registry = "https://pypi.org/simple" }, marker = "python_full_version == '3.8.*'" },
    { name = "trio", version = "0.30.0", source = { registry = "https://pypi.org/simple" }, marker = "python_full_version >= '3.9'" },
    { name = "wsproto", marker = "python_full_version >= '3.8'" },
]
sdist = { url = "https://files.pythonhosted.org/packages/d1/3c/8b4358e81f2f2cfe71b66a267f023a91db20a817b9425dd964873796980a/trio_websocket-0.12.2.tar.gz", hash = "sha256:22c72c436f3d1e264d0910a3951934798dcc5b00ae56fc4ee079d46c7cf20fae", size = 33549, upload-time = "2025-02-25T05:16:58.947Z" }
wheels = [
    { url = "https://files.pythonhosted.org/packages/c7/19/eb640a397bba49ba49ef9dbe2e7e5c04202ba045b6ce2ec36e9cadc51e04/trio_websocket-0.12.2-py3-none-any.whl", hash = "sha256:df605665f1db533f4a386c94525870851096a223adcb97f72a07e8b4beba45b6", size = 21221, upload-time = "2025-02-25T05:16:57.545Z" },
]

[[package]]
name = "tutor-selenium"
version = "0.1.0"
source = { virtual = "." }
dependencies = [
    { name = "selenium", version = "4.11.2", source = { registry = "https://pypi.org/simple" }, marker = "python_full_version < '3.8'" },
    { name = "selenium", version = "4.27.1", source = { registry = "https://pypi.org/simple" }, marker = "python_full_version == '3.8.*'" },
    { name = "selenium", version = "4.32.0", source = { registry = "https://pypi.org/simple" }, marker = "python_full_version >= '3.9'" },
]

[package.metadata]
requires-dist = [{ name = "selenium" }]

[[package]]
name = "typing-extensions"
version = "4.7.1"
source = { registry = "https://pypi.org/simple" }
resolution-markers = [
    "python_full_version < '3.8'",
]
sdist = { url = "https://files.pythonhosted.org/packages/3c/8b/0111dd7d6c1478bf83baa1cab85c686426c7a6274119aceb2bd9d35395ad/typing_extensions-4.7.1.tar.gz", hash = "sha256:b75ddc264f0ba5615db7ba217daeb99701ad295353c45f9e95963337ceeeffb2", size = 72876, upload-time = "2023-07-02T14:20:55.045Z" }
wheels = [
    { url = "https://files.pythonhosted.org/packages/ec/6b/63cc3df74987c36fe26157ee12e09e8f9db4de771e0f3404263117e75b95/typing_extensions-4.7.1-py3-none-any.whl", hash = "sha256:440d5dd3af93b060174bf433bccd69b0babc3b15b1a8dca43789fd7f61514b36", size = 33232, upload-time = "2023-07-02T14:20:53.275Z" },
]

[[package]]
name = "typing-extensions"
version = "4.13.2"
source = { registry = "https://pypi.org/simple" }
resolution-markers = [
    "python_full_version >= '3.9'",
    "python_full_version == '3.8.*'",
]
sdist = { url = "https://files.pythonhosted.org/packages/f6/37/23083fcd6e35492953e8d2aaaa68b860eb422b34627b13f2ce3eb6106061/typing_extensions-4.13.2.tar.gz", hash = "sha256:e6c81219bd689f51865d9e372991c540bda33a0379d5573cddb9a3a23f7caaef", size = 106967, upload-time = "2025-04-10T14:19:05.416Z" }
wheels = [
    { url = "https://files.pythonhosted.org/packages/8b/54/b1ae86c0973cc6f0210b53d508ca3641fb6d0c56823f288d108bc7ab3cc8/typing_extensions-4.13.2-py3-none-any.whl", hash = "sha256:a439e7c04b49fec3e5d3e2beaa21755cadbbdc391694e28ccdd36ca4a1408f8c", size = 45806, upload-time = "2025-04-10T14:19:03.967Z" },
]

[[package]]
name = "urllib3"
version = "2.0.7"
source = { registry = "https://pypi.org/simple" }
resolution-markers = [
    "python_full_version < '3.8'",
]
sdist = { url = "https://files.pythonhosted.org/packages/af/47/b215df9f71b4fdba1025fc05a77db2ad243fa0926755a52c5e71659f4e3c/urllib3-2.0.7.tar.gz", hash = "sha256:c97dfde1f7bd43a71c8d2a58e369e9b2bf692d1334ea9f9cae55add7d0dd0f84", size = 282546, upload-time = "2023-10-17T17:46:50.542Z" }
wheels = [
    { url = "https://files.pythonhosted.org/packages/d2/b2/b157855192a68541a91ba7b2bbcb91f1b4faa51f8bae38d8005c034be524/urllib3-2.0.7-py3-none-any.whl", hash = "sha256:fdb6d215c776278489906c2f8916e6e7d4f5a9b602ccbcfdf7f016fc8da0596e", size = 124213, upload-time = "2023-10-17T17:46:48.538Z" },
]

[package.optional-dependencies]
socks = [
    { name = "pysocks", marker = "python_full_version < '3.8'" },
]

[[package]]
name = "urllib3"
version = "2.2.3"
source = { registry = "https://pypi.org/simple" }
resolution-markers = [
    "python_full_version == '3.8.*'",
]
sdist = { url = "https://files.pythonhosted.org/packages/ed/63/22ba4ebfe7430b76388e7cd448d5478814d3032121827c12a2cc287e2260/urllib3-2.2.3.tar.gz", hash = "sha256:e7d814a81dad81e6caf2ec9fdedb284ecc9c73076b62654547cc64ccdcae26e9", size = 300677, upload-time = "2024-09-12T10:52:18.401Z" }
wheels = [
    { url = "https://files.pythonhosted.org/packages/ce/d9/5f4c13cecde62396b0d3fe530a50ccea91e7dfc1ccf0e09c228841bb5ba8/urllib3-2.2.3-py3-none-any.whl", hash = "sha256:ca899ca043dcb1bafa3e262d73aa25c465bfb49e0bd9dd5d59f1d0acba2f8fac", size = 126338, upload-time = "2024-09-12T10:52:16.589Z" },
]

[package.optional-dependencies]
socks = [
    { name = "pysocks", marker = "python_full_version == '3.8.*'" },
]

[[package]]
name = "urllib3"
version = "2.4.0"
source = { registry = "https://pypi.org/simple" }
resolution-markers = [
    "python_full_version >= '3.9'",
]
sdist = { url = "https://files.pythonhosted.org/packages/8a/78/16493d9c386d8e60e442a35feac5e00f0913c0f4b7c217c11e8ec2ff53e0/urllib3-2.4.0.tar.gz", hash = "sha256:414bc6535b787febd7567804cc015fee39daab8ad86268f1310a9250697de466", size = 390672, upload-time = "2025-04-10T15:23:39.232Z" }
wheels = [
    { url = "https://files.pythonhosted.org/packages/6b/11/cc635220681e93a0183390e26485430ca2c7b5f9d33b15c74c2861cb8091/urllib3-2.4.0-py3-none-any.whl", hash = "sha256:4e16665048960a0900c702d4a66415956a584919c03361cac9f1df5c5dd7e813", size = 128680, upload-time = "2025-04-10T15:23:37.377Z" },
]

[package.optional-dependencies]
socks = [
    { name = "pysocks", marker = "python_full_version >= '3.9'" },
]

[[package]]
name = "websocket-client"
version = "1.8.0"
source = { registry = "https://pypi.org/simple" }
sdist = { url = "https://files.pythonhosted.org/packages/e6/30/fba0d96b4b5fbf5948ed3f4681f7da2f9f64512e1d303f94b4cc174c24a5/websocket_client-1.8.0.tar.gz", hash = "sha256:3239df9f44da632f96012472805d40a23281a991027ce11d2f45a6f24ac4c3da", size = 54648, upload-time = "2024-04-23T22:16:16.976Z" }
wheels = [
    { url = "https://files.pythonhosted.org/packages/5a/84/44687a29792a70e111c5c477230a72c4b957d88d16141199bf9acb7537a3/websocket_client-1.8.0-py3-none-any.whl", hash = "sha256:17b44cc997f5c498e809b22cdf2d9c7a9e71c02c8cc2b6c56e7c2d1239bfa526", size = 58826, upload-time = "2024-04-23T22:16:14.422Z" },
]

[[package]]
name = "wsproto"
version = "1.2.0"
source = { registry = "https://pypi.org/simple" }
dependencies = [
    { name = "h11", version = "0.14.0", source = { registry = "https://pypi.org/simple" }, marker = "python_full_version < '3.8'" },
    { name = "h11", version = "0.16.0", source = { registry = "https://pypi.org/simple" }, marker = "python_full_version >= '3.8'" },
]
sdist = { url = "https://files.pythonhosted.org/packages/c9/4a/44d3c295350d776427904d73c189e10aeae66d7f555bb2feee16d1e4ba5a/wsproto-1.2.0.tar.gz", hash = "sha256:ad565f26ecb92588a3e43bc3d96164de84cd9902482b130d0ddbaa9664a85065", size = 53425, upload-time = "2022-08-23T19:58:21.447Z" }
wheels = [
    { url = "https://files.pythonhosted.org/packages/78/58/e860788190eba3bcce367f74d29c4675466ce8dddfba85f7827588416f01/wsproto-1.2.0-py3-none-any.whl", hash = "sha256:b9acddd652b585d75b20477888c56642fdade28bdfd3579aa24a4d2c037dd736", size = 24226, upload-time = "2022-08-23T19:58:19.96Z" },
]

[[package]]
name = "zipp"
version = "3.15.0"
source = { registry = "https://pypi.org/simple" }
sdist = { url = "https://files.pythonhosted.org/packages/00/27/f0ac6b846684cecce1ee93d32450c45ab607f65c2e0255f0092032d91f07/zipp-3.15.0.tar.gz", hash = "sha256:112929ad649da941c23de50f356a2b5570c954b65150642bccdd66bf194d224b", size = 18454, upload-time = "2023-02-25T02:17:22.503Z" }
wheels = [
    { url = "https://files.pythonhosted.org/packages/5b/fa/c9e82bbe1af6266adf08afb563905eb87cab83fde00a0a08963510621047/zipp-3.15.0-py3-none-any.whl", hash = "sha256:48904fc76a60e542af151aded95726c1a5c34ed43ab4134b597665c86d7ad556", size = 6758, upload-time = "2023-02-25T02:17:20.807Z" },
]
